
Microsoft Visual Studio Solution File, Format Version 12.00
# Visual Studio Version 17
VisualStudioVersion = 17.8.34511.84
MinimumVisualStudioVersion = 10.0.40219.1
Project("{2150E333-8FDC-42A3-9474-1A3956D46DE8}") = "src", "src", "{39B98EB7-D8E1-49BD-BE87-74AAAF305BD5}"
EndProject
Project("{2150E333-8FDC-42A3-9474-1A3956D46DE8}") = "Api", "Api", "{430530BE-D9C4-43B8-8054-C2ECEF2CF9A5}"
EndProject
Project("{2150E333-8FDC-42A3-9474-1A3956D46DE8}") = "Clients", "Clients", "{F441853A-1F57-4D7D-83A8-933559F0E446}"
EndProject
Project("{2150E333-8FDC-42A3-9474-1A3956D46DE8}") = "Common", "Common", "{293AC115-DAB2-4E1A-856D-E22BDBC55413}"
EndProject
Project("{2150E333-8FDC-42A3-9474-1A3956D46DE8}") = "Projections", "Projections", "{0B7F2CF6-C621-4306-82A2-01B582072805}"
EndProject
Project("{2150E333-8FDC-42A3-9474-1A3956D46DE8}") = "Tests", "Tests", "{8292C812-AA16-44A7-9606-D11DCDD5F25F}"
EndProject
Project("{2150E333-8FDC-42A3-9474-1A3956D46DE8}") = "Core", "Core", "{58F49A56-4F55-4A45-A165-17AE8F816583}"
EndProject
Project("{2150E333-8FDC-42A3-9474-1A3956D46DE8}") = "Infrastructure", "Infrastructure", "{87133589-52C5-409B-82F1-EE12EF474A96}"
EndProject
Project("{2150E333-8FDC-42A3-9474-1A3956D46DE8}") = "WebApi", "WebApi", "{E3B40D6A-64CA-487C-B4C1-CF94FCDF578E}"
EndProject
Project("{9A19103F-16F7-4668-BE54-9A1E7A4F7556}") = "SiteManagement.Domain", "src\Api\Core\SiteManagement.Domain\SiteManagement.Domain.csproj", "{FE6A7EC0-EB10-4570-9C10-24C3C42C5CE9}"
EndProject
Project("{9A19103F-16F7-4668-BE54-9A1E7A4F7556}") = "SiteManagement.Persistance", "src\Api\Infrastructure\SiteManagement.Persistance\SiteManagement.Persistance.csproj", "{90DFBA6C-9C72-44B5-92A8-2B43DC1616A6}"
EndProject
Project("{9A19103F-16F7-4668-BE54-9A1E7A4F7556}") = "SiteManagement.Application", "src\Api\Core\SiteManagement.Application\SiteManagement.Application.csproj", "{2B304DDB-A01D-4D97-9B5B-E43B8DB60301}"
EndProject
Project("{FAE04EC0-301F-11D3-BF4B-00C04F79EFBC}") = "SiteManagement.Api.WebApi", "src\Api\WebApi\SiteManagement.Api.WebApi\SiteManagement.Api.WebApi.csproj", "{B4ACBADC-193C-4D3B-9C3A-EC75CB5F962B}"
EndProject
Global
	GlobalSection(SolutionConfigurationPlatforms) = preSolution
		Debug|Any CPU = Debug|Any CPU
		Release|Any CPU = Release|Any CPU
	EndGlobalSection
	GlobalSection(ProjectConfigurationPlatforms) = postSolution
		{FE6A7EC0-EB10-4570-9C10-24C3C42C5CE9}.Debug|Any CPU.ActiveCfg = Debug|Any CPU
		{FE6A7EC0-EB10-4570-9C10-24C3C42C5CE9}.Debug|Any CPU.Build.0 = Debug|Any CPU
		{FE6A7EC0-EB10-4570-9C10-24C3C42C5CE9}.Release|Any CPU.ActiveCfg = Release|Any CPU
		{FE6A7EC0-EB10-4570-9C10-24C3C42C5CE9}.Release|Any CPU.Build.0 = Release|Any CPU
		{90DFBA6C-9C72-44B5-92A8-2B43DC1616A6}.Debug|Any CPU.ActiveCfg = Debug|Any CPU
		{90DFBA6C-9C72-44B5-92A8-2B43DC1616A6}.Debug|Any CPU.Build.0 = Debug|Any CPU
		{90DFBA6C-9C72-44B5-92A8-2B43DC1616A6}.Release|Any CPU.ActiveCfg = Release|Any CPU
		{90DFBA6C-9C72-44B5-92A8-2B43DC1616A6}.Release|Any CPU.Build.0 = Release|Any CPU
		{2B304DDB-A01D-4D97-9B5B-E43B8DB60301}.Debug|Any CPU.ActiveCfg = Debug|Any CPU
		{2B304DDB-A01D-4D97-9B5B-E43B8DB60301}.Debug|Any CPU.Build.0 = Debug|Any CPU
		{2B304DDB-A01D-4D97-9B5B-E43B8DB60301}.Release|Any CPU.ActiveCfg = Release|Any CPU
		{2B304DDB-A01D-4D97-9B5B-E43B8DB60301}.Release|Any CPU.Build.0 = Release|Any CPU
		{B4ACBADC-193C-4D3B-9C3A-EC75CB5F962B}.Debug|Any CPU.ActiveCfg = Debug|Any CPU
		{B4ACBADC-193C-4D3B-9C3A-EC75CB5F962B}.Debug|Any CPU.Build.0 = Debug|Any CPU
		{B4ACBADC-193C-4D3B-9C3A-EC75CB5F962B}.Release|Any CPU.ActiveCfg = Release|Any CPU
		{B4ACBADC-193C-4D3B-9C3A-EC75CB5F962B}.Release|Any CPU.Build.0 = Release|Any CPU
	EndGlobalSection
	GlobalSection(SolutionProperties) = preSolution
		HideSolutionNode = FALSE
	EndGlobalSection
	GlobalSection(NestedProjects) = preSolution
		{430530BE-D9C4-43B8-8054-C2ECEF2CF9A5} = {39B98EB7-D8E1-49BD-BE87-74AAAF305BD5}
		{F441853A-1F57-4D7D-83A8-933559F0E446} = {39B98EB7-D8E1-49BD-BE87-74AAAF305BD5}
		{293AC115-DAB2-4E1A-856D-E22BDBC55413} = {39B98EB7-D8E1-49BD-BE87-74AAAF305BD5}
		{0B7F2CF6-C621-4306-82A2-01B582072805} = {39B98EB7-D8E1-49BD-BE87-74AAAF305BD5}
		{8292C812-AA16-44A7-9606-D11DCDD5F25F} = {39B98EB7-D8E1-49BD-BE87-74AAAF305BD5}
		{58F49A56-4F55-4A45-A165-17AE8F816583} = {430530BE-D9C4-43B8-8054-C2ECEF2CF9A5}
		{87133589-52C5-409B-82F1-EE12EF474A96} = {430530BE-D9C4-43B8-8054-C2ECEF2CF9A5}
		{E3B40D6A-64CA-487C-B4C1-CF94FCDF578E} = {430530BE-D9C4-43B8-8054-C2ECEF2CF9A5}
		{FE6A7EC0-EB10-4570-9C10-24C3C42C5CE9} = {58F49A56-4F55-4A45-A165-17AE8F816583}
		{90DFBA6C-9C72-44B5-92A8-2B43DC1616A6} = {87133589-52C5-409B-82F1-EE12EF474A96}
		{2B304DDB-A01D-4D97-9B5B-E43B8DB60301} = {58F49A56-4F55-4A45-A165-17AE8F816583}
		{B4ACBADC-193C-4D3B-9C3A-EC75CB5F962B} = {E3B40D6A-64CA-487C-B4C1-CF94FCDF578E}
	EndGlobalSection
	GlobalSection(ExtensibilityGlobals) = postSolution
		SolutionGuid = {C8940320-C227-42EC-9417-77727D3E8F7B}
	EndGlobalSection
EndGlobal
